
Microsoft Visual Studio Solution File, Format Version 12.00
# Visual Studio Version 17
VisualStudioVersion = 17.13.35828.75
MinimumVisualStudioVersion = 10.0.40219.1
Project("{C9674DCB-5085-4A16-B785-4C70DD1589BD}") = "s4682884_cors_ssis", "s4682884_cors_ssis.dtproj", "{D973514D-9B16-31F4-1CA3-942153253FE7}"
EndProject
Global
	GlobalSection(SolutionConfigurationPlatforms) = preSolution
		Development|Default = Development|Default
	EndGlobalSection
	GlobalSection(ProjectConfigurationPlatforms) = postSolution
		{D973514D-9B16-31F4-1CA3-942153253FE7}.Development|Default.Build.0 = ?|?
	EndGlobalSection
	GlobalSection(SolutionProperties) = preSolution
		HideSolutionNode = FALSE
	EndGlobalSection
	GlobalSection(ExtensibilityGlobals) = postSolution
		SolutionGuid = {F855CB57-2FF2-4152-925D-C885FE5E7C4D}
	EndGlobalSection
EndGlobal
